
Microsoft Visual Studio Solution File, Format Version 12.00
# Visual Studio Version 16
VisualStudioVersion = 16.0.30804.86
MinimumVisualStudioVersion = 10.0.40219.1
Project("{FAE04EC0-301F-11D3-BF4B-00C04F79EFBC}") = "DATA", "DATA.csproj", "{51D55403-6C3F-4CCD-AFB8-AFCF7CE94C28}"
EndProject
Global
	GlobalSection(SolutionConfigurationPlatforms) = preSolution
		Debug|Any CPU = Debug|Any CPU
		Release|Any CPU = Release|Any CPU
	EndGlobalSection
	GlobalSection(ProjectConfigurationPlatforms) = postSolution
		{51D55403-6C3F-4CCD-AFB8-AFCF7CE94C28}.Debug|Any CPU.ActiveCfg = Debug|Any CPU
		{51D55403-6C3F-4CCD-AFB8-AFCF7CE94C28}.Debug|Any CPU.Build.0 = Debug|Any CPU
		{51D55403-6C3F-4CCD-AFB8-AFCF7CE94C28}.Release|Any CPU.ActiveCfg = Release|Any CPU
		{51D55403-6C3F-4CCD-AFB8-AFCF7CE94C28}.Release|Any CPU.Build.0 = Release|Any CPU
	EndGlobalSection
	GlobalSection(SolutionProperties) = preSolution
		HideSolutionNode = FALSE
	EndGlobalSection
	GlobalSection(ExtensibilityGlobals) = postSolution
		SolutionGuid = {A2F1E6C4-0E84-4A88-8028-070F05D1A13F}
	EndGlobalSection
EndGlobal
